{
  "name": "aoc2025",
  "version": "1.0.0",
  "lockfileVersion": 3,
  "requires": true,
  "packages": {
    "": {
      "name": "aoc2025",
      "version": "1.0.0",
      "license": "ISC",
      "dependencies": {
        "@typescript/native-preview": "^7.0.0-dev.20251202.1"
      },
      "devDependencies": {
        "@types/node": "^24.10.1"
      }
    },
    "node_modules/@types/node": {
      "version": "24.10.1",
      "resolved": "https://registry.npmjs.org/@types/node/-/node-24.10.1.tgz",
      "integrity": "sha512-GNWcUTRBgIRJD5zj+Tq0fKOJ5XZajIiBroOF0yvj2bSU1WvNdYS/dn9UxwsujGW4JX06dnHyjV2y9rRaybH0iQ==",
      "dev": true,
      "license": "MIT",
      "peer": true,
      "dependencies": {
        "undici-types": "~7.16.0"
      }
    },
    "node_modules/@typescript/native-preview": {
      "version": "7.0.0-dev.20251202.1",
      "resolved": "https://registry.npmjs.org/@typescript/native-preview/-/native-preview-7.0.0-dev.20251202.1.tgz",
      "integrity": "sha512-BCElj1bPWsjf9SFfVl7DemGFj0/jlUeX1cIDjGCkwSwBF+vwm9JvVkYJ8+UEzbhaecWvsCVmsYrjZCTRSa31+g==",
      "license": "Apache-2.0",
      "bin": {
        "tsgo": "bin/tsgo.js"
      },
      "optionalDependencies": {
        "@typescript/native-preview-darwin-arm64": "7.0.0-dev.20251202.1",
        "@typescript/native-preview-darwin-x64": "7.0.0-dev.20251202.1",
        "@typescript/native-preview-linux-arm": "7.0.0-dev.20251202.1",
        "@typescript/native-preview-linux-arm64": "7.0.0-dev.20251202.1",
        "@typescript/native-preview-linux-x64": "7.0.0-dev.20251202.1",
        "@typescript/native-preview-win32-arm64": "7.0.0-dev.20251202.1",
        "@typescript/native-preview-win32-x64": "7.0.0-dev.20251202.1"
      }
    },
    "node_modules/@typescript/native-preview-darwin-arm64": {
      "version": "7.0.0-dev.20251202.1",
      "resolved": "https://registry.npmjs.org/@typescript/native-preview-darwin-arm64/-/native-preview-darwin-arm64-7.0.0-dev.20251202.1.tgz",
      "integrity": "sha512-zcyBNJm0PW4H/yE6Q67/8iKn0iHH1PPV/Wm0MaermgLFgvDc684RFrC7QDRaykxD8+GnrKii+94fq22wCXwNYw==",
      "cpu": [
        "arm64"
      ],
      "license": "Apache-2.0",
      "optional": true,
      "os": [
        "darwin"
      ]
    },
    "node_modules/@typescript/native-preview-darwin-x64": {
      "version": "7.0.0-dev.20251202.1",
      "resolved": "https://registry.npmjs.org/@typescript/native-preview-darwin-x64/-/native-preview-darwin-x64-7.0.0-dev.20251202.1.tgz",
      "integrity": "sha512-IEFRJYm+ZzAsq0lMWZP7M5uI0b0vw0Tq1bZcN7SlXFDDKqTSNFrNVNS6WFpfvOBvws1H1TJ+5c6yUtmqqHbR0g==",
      "cpu": [
        "x64"
      ],
      "license": "Apache-2.0",
      "optional": true,
      "os": [
        "darwin"
      ]
    },
    "node_modules/@typescript/native-preview-linux-arm": {
      "version": "7.0.0-dev.20251202.1",
      "resolved": "https://registry.npmjs.org/@typescript/native-preview-linux-arm/-/native-preview-linux-arm-7.0.0-dev.20251202.1.tgz",
      "integrity": "sha512-5aCzozErbkfZp0jx257uvk0QIfBQ9a55kAoO+KgfQCJdNCdy3mnxh/4YX/eA3oNdHb6ECde+a45dvLj5wyei9g==",
      "cpu": [
        "arm"
      ],
      "license": "Apache-2.0",
      "optional": true,
      "os": [
        "linux"
      ]
    },
    "node_modules/@typescript/native-preview-linux-arm64": {
      "version": "7.0.0-dev.20251202.1",
      "resolved": "https://registry.npmjs.org/@typescript/native-preview-linux-arm64/-/native-preview-linux-arm64-7.0.0-dev.20251202.1.tgz",
      "integrity": "sha512-khT67uO5GAdCWFQDgLKJknA3lUtqYfdO2BWH6YTLQErBWN6eDOnCoV0xnGSqBVxW+yJ1IxdqGpWp2m7JFv1a/A==",
      "cpu": [
        "arm64"
      ],
      "license": "Apache-2.0",
      "optional": true,
      "os": [
        "linux"
      ]
    },
    "node_modules/@typescript/native-preview-linux-x64": {
      "version": "7.0.0-dev.20251202.1",
      "resolved": "https://registry.npmjs.org/@typescript/native-preview-linux-x64/-/native-preview-linux-x64-7.0.0-dev.20251202.1.tgz",
      "integrity": "sha512-r1EH0LKn/Coa1bge+a+KgwmEApoCJsK1oieTu+sZrCH5dsOed4rNGrcOyliAygb720dc5dRTxkADj2/lceqFrQ==",
      "cpu": [
        "x64"
      ],
      "license": "Apache-2.0",
      "optional": true,
      "os": [
        "linux"
      ]
    },
    "node_modules/@typescript/native-preview-win32-arm64": {
      "version": "7.0.0-dev.20251202.1",
      "resolved": "https://registry.npmjs.org/@typescript/native-preview-win32-arm64/-/native-preview-win32-arm64-7.0.0-dev.20251202.1.tgz",
      "integrity": "sha512-lLlRtKbrUpLqzcSQs7NeRZKlQpPnEgiD+cNHfwpLmJ5KEKeNJAhapDEX4UoauhcgUcwe7CtyQ9EO9osvbLb35w==",
      "cpu": [
        "arm64"
      ],
      "license": "Apache-2.0",
      "optional": true,
      "os": [
        "win32"
      ]
    },
    "node_modules/@typescript/native-preview-win32-x64": {
      "version": "7.0.0-dev.20251202.1",
      "resolved": "https://registry.npmjs.org/@typescript/native-preview-win32-x64/-/native-preview-win32-x64-7.0.0-dev.20251202.1.tgz",
      "integrity": "sha512-RM5Oud26RBWiaH/4uSy/Xi3jIXIaOqytXl7UrjNv8C+ygcxB4SDYehHtyS0pE1L+zSqBerdLhv0mxn0UHIIbHA==",
      "cpu": [
        "x64"
      ],
      "license": "Apache-2.0",
      "optional": true,
      "os": [
        "win32"
      ]
    },
    "node_modules/undici-types": {
      "version": "7.16.0",
      "resolved": "https://registry.npmjs.org/undici-types/-/undici-types-7.16.0.tgz",
      "integrity": "sha512-Zz+aZWSj8LE6zoxD+xrjh4VfkIG8Ya6LvYkZqtUQGJPZjYl53ypCaUwWqo7eI0x66KBGeRo+mlBEkMSeSZ38Nw==",
      "dev": true,
      "license": "MIT"
    }
  }
}
